
Microsoft Visual Studio Solution File, Format Version 12.00
# Visual Studio 14
VisualStudioVersion = 14.0.25123.0
MinimumVisualStudioVersion = 10.0.40219.1
Project("{FAE04EC0-301F-11D3-BF4B-00C04F79EFBC}") = "HydraDoc", "HydraDoc\HydraDoc.csproj", "{93AB75EF-24FB-4E01-B2B1-0F2456BF1F3F}"
EndProject
Project("{2150E333-8FDC-42A3-9474-1A3956D46DE8}") = "SolutionItems", "SolutionItems", "{22A84095-D5AF-472C-908C-D9A63DDB42E0}"
	ProjectSection(SolutionItems) = preProject
		ideas.txt = ideas.txt
	EndProjectSection
EndProject
Project("{FAE04EC0-301F-11D3-BF4B-00C04F79EFBC}") = "HydraDoc.Tests", "HydraDoc.Tests\HydraDoc.Tests.csproj", "{8B6E0984-36ED-4E20-808D-8C809F9240FA}"
EndProject
Global
	GlobalSection(SolutionConfigurationPlatforms) = preSolution
		Debug|Any CPU = Debug|Any CPU
		Debug|ARM = Debug|ARM
		Debug|x64 = Debug|x64
		Debug|x86 = Debug|x86
		Release|Any CPU = Release|Any CPU
		Release|ARM = Release|ARM
		Release|x64 = Release|x64
		Release|x86 = Release|x86
	EndGlobalSection
	GlobalSection(ProjectConfigurationPlatforms) = postSolution
		{93AB75EF-24FB-4E01-B2B1-0F2456BF1F3F}.Debug|Any CPU.ActiveCfg = Debug|Any CPU
		{93AB75EF-24FB-4E01-B2B1-0F2456BF1F3F}.Debug|Any CPU.Build.0 = Debug|Any CPU
		{93AB75EF-24FB-4E01-B2B1-0F2456BF1F3F}.Debug|ARM.ActiveCfg = Debug|Any CPU
		{93AB75EF-24FB-4E01-B2B1-0F2456BF1F3F}.Debug|ARM.Build.0 = Debug|Any CPU
		{93AB75EF-24FB-4E01-B2B1-0F2456BF1F3F}.Debug|x64.ActiveCfg = Debug|Any CPU
		{93AB75EF-24FB-4E01-B2B1-0F2456BF1F3F}.Debug|x64.Build.0 = Debug|Any CPU
		{93AB75EF-24FB-4E01-B2B1-0F2456BF1F3F}.Debug|x86.ActiveCfg = Debug|Any CPU
		{93AB75EF-24FB-4E01-B2B1-0F2456BF1F3F}.Debug|x86.Build.0 = Debug|Any CPU
		{93AB75EF-24FB-4E01-B2B1-0F2456BF1F3F}.Release|Any CPU.ActiveCfg = Release|Any CPU
		{93AB75EF-24FB-4E01-B2B1-0F2456BF1F3F}.Release|Any CPU.Build.0 = Release|Any CPU
		{93AB75EF-24FB-4E01-B2B1-0F2456BF1F3F}.Release|ARM.ActiveCfg = Release|Any CPU
		{93AB75EF-24FB-4E01-B2B1-0F2456BF1F3F}.Release|ARM.Build.0 = Release|Any CPU
		{93AB75EF-24FB-4E01-B2B1-0F2456BF1F3F}.Release|x64.ActiveCfg = Release|Any CPU
		{93AB75EF-24FB-4E01-B2B1-0F2456BF1F3F}.Release|x64.Build.0 = Release|Any CPU
		{93AB75EF-24FB-4E01-B2B1-0F2456BF1F3F}.Release|x86.ActiveCfg = Release|Any CPU
		{93AB75EF-24FB-4E01-B2B1-0F2456BF1F3F}.Release|x86.Build.0 = Release|Any CPU
		{8B6E0984-36ED-4E20-808D-8C809F9240FA}.Debug|Any CPU.ActiveCfg = Debug|Any CPU
		{8B6E0984-36ED-4E20-808D-8C809F9240FA}.Debug|Any CPU.Build.0 = Debug|Any CPU
		{8B6E0984-36ED-4E20-808D-8C809F9240FA}.Debug|ARM.ActiveCfg = Debug|Any CPU
		{8B6E0984-36ED-4E20-808D-8C809F9240FA}.Debug|ARM.Build.0 = Debug|Any CPU
		{8B6E0984-36ED-4E20-808D-8C809F9240FA}.Debug|x64.ActiveCfg = Debug|Any CPU
		{8B6E0984-36ED-4E20-808D-8C809F9240FA}.Debug|x64.Build.0 = Debug|Any CPU
		{8B6E0984-36ED-4E20-808D-8C809F9240FA}.Debug|x86.ActiveCfg = Debug|Any CPU
		{8B6E0984-36ED-4E20-808D-8C809F9240FA}.Debug|x86.Build.0 = Debug|Any CPU
		{8B6E0984-36ED-4E20-808D-8C809F9240FA}.Release|Any CPU.ActiveCfg = Release|Any CPU
		{8B6E0984-36ED-4E20-808D-8C809F9240FA}.Release|Any CPU.Build.0 = Release|Any CPU
		{8B6E0984-36ED-4E20-808D-8C809F9240FA}.Release|ARM.ActiveCfg = Release|Any CPU
		{8B6E0984-36ED-4E20-808D-8C809F9240FA}.Release|ARM.Build.0 = Release|Any CPU
		{8B6E0984-36ED-4E20-808D-8C809F9240FA}.Release|x64.ActiveCfg = Release|Any CPU
		{8B6E0984-36ED-4E20-808D-8C809F9240FA}.Release|x64.Build.0 = Release|Any CPU
		{8B6E0984-36ED-4E20-808D-8C809F9240FA}.Release|x86.ActiveCfg = Release|Any CPU
		{8B6E0984-36ED-4E20-808D-8C809F9240FA}.Release|x86.Build.0 = Release|Any CPU
	EndGlobalSection
	GlobalSection(SolutionProperties) = preSolution
		HideSolutionNode = FALSE
	EndGlobalSection
EndGlobal
