
Microsoft Visual Studio Solution File, Format Version 12.00
# Visual Studio 14
VisualStudioVersion = 14.0.25420.1
MinimumVisualStudioVersion = 10.0.40219.1
Project("{2150E333-8FDC-42A3-9474-1A3956D46DE8}") = "Solution Items", "Solution Items", "{22A84095-D5AF-472C-908C-D9A63DDB42E0}"
EndProject
Project("{FAE04EC0-301F-11D3-BF4B-00C04F79EFBC}") = "Stitch", "Stitch\Stitch.csproj", "{93AB75EF-24FB-4E01-B2B1-0F2456BF1F3F}"
EndProject
Project("{FAE04EC0-301F-11D3-BF4B-00C04F79EFBC}") = "Stitch.Tests", "Stitch.Test\Stitch.Tests.csproj", "{8B6E0984-36ED-4E20-808D-8C809F9240FA}"
EndProject
Project("{2150E333-8FDC-42A3-9474-1A3956D46DE8}") = "Icon", "Icon", "{D66C8A93-D1D7-48A4-876A-B85552E42FD5}"
	ProjectSection(SolutionItems) = preProject
		Icon\Stitch.svg = Icon\Stitch.svg
		Icon\Stitch326x128.png = Icon\Stitch326x128.png
	EndProjectSection
EndProject
Global
	GlobalSection(SolutionConfigurationPlatforms) = preSolution
		Debug|Any CPU = Debug|Any CPU
		Release|Any CPU = Release|Any CPU
	EndGlobalSection
	GlobalSection(ProjectConfigurationPlatforms) = postSolution
		{93AB75EF-24FB-4E01-B2B1-0F2456BF1F3F}.Debug|Any CPU.ActiveCfg = Debug|Any CPU
		{93AB75EF-24FB-4E01-B2B1-0F2456BF1F3F}.Debug|Any CPU.Build.0 = Debug|Any CPU
		{93AB75EF-24FB-4E01-B2B1-0F2456BF1F3F}.Release|Any CPU.ActiveCfg = Release|Any CPU
		{93AB75EF-24FB-4E01-B2B1-0F2456BF1F3F}.Release|Any CPU.Build.0 = Release|Any CPU
		{8B6E0984-36ED-4E20-808D-8C809F9240FA}.Debug|Any CPU.ActiveCfg = Debug|Any CPU
		{8B6E0984-36ED-4E20-808D-8C809F9240FA}.Debug|Any CPU.Build.0 = Debug|Any CPU
		{8B6E0984-36ED-4E20-808D-8C809F9240FA}.Release|Any CPU.ActiveCfg = Release|Any CPU
		{8B6E0984-36ED-4E20-808D-8C809F9240FA}.Release|Any CPU.Build.0 = Release|Any CPU
	EndGlobalSection
	GlobalSection(SolutionProperties) = preSolution
		HideSolutionNode = FALSE
	EndGlobalSection
	GlobalSection(NestedProjects) = preSolution
		{D66C8A93-D1D7-48A4-876A-B85552E42FD5} = {22A84095-D5AF-472C-908C-D9A63DDB42E0}
	EndGlobalSection
EndGlobal
